<?xml version="1.0" encoding="utf-8"?>
<Project ToolsVersion="14.0" xmlns="http://schemas.microsoft.com/developer/msbuild/2003">
  <ItemGroup>
    <Filter Include="Resources">
      <UniqueIdentifier>46f16752-ab9e-4cdf-81a7-4377629c7505</UniqueIdentifier>
      <Extensions>rc;ico;cur;bmp;dlg;rc2;rct;bin;rgs;gif;jpg;jpeg;jpe;resx;tga;tiff;tif;png;wav;mfcribbon-ms</Extensions>
    </Filter>
  </ItemGroup>
  <ItemGroup>
    <ClInclude Include="util.h" />
    <ClInclude Include="Database.h" />
    <ClInclude Include="ExecuteResultRow.h" />
    <ClInclude Include="pch.h" />
  </ItemGroup>
  <ItemGroup>
    <ClCompile Include="Database.cpp" />
    <ClCompile Include="ExecuteResultRow.cpp" />
    <ClCompile Include="pch.cpp" />
    <ClCompile Include="util.cpp" />
  </ItemGroup>
</Project>